// !$*UTF8*$!
{
	archiveVersion = 1;
	classes = {
	};
	objectVersion = 46;
	objects = {

/* Begin PBXBuildFile section */
		A01EDAD41A1808F500F152CE /* AppDelegate.swift in Sources */ = {isa = PBXBuildFile; fileRef = A01EDAD31A1808F500F152CE /* AppDelegate.swift */; };
		A01EDAD71A1808F500F152CE /* PebbleAuthenticator.xcdatamodeld in Sources */ = {isa = PBXBuildFile; fileRef = A01EDAD51A1808F500F152CE /* PebbleAuthenticator.xcdatamodeld */; };
		A01EDAD91A1808F500F152CE /* ViewController.swift in Sources */ = {isa = PBXBuildFile; fileRef = A01EDAD81A1808F500F152CE /* ViewController.swift */; };
		A01EDADC1A1808F500F152CE /* Main.storyboard in Resources */ = {isa = PBXBuildFile; fileRef = A01EDADA1A1808F500F152CE /* Main.storyboard */; };
		A01EDADE1A1808F500F152CE /* Images.xcassets in Resources */ = {isa = PBXBuildFile; fileRef = A01EDADD1A1808F500F152CE /* Images.xcassets */; };
		A01EDAE11A1808F500F152CE /* LaunchScreen.xib in Resources */ = {isa = PBXBuildFile; fileRef = A01EDADF1A1808F500F152CE /* LaunchScreen.xib */; };
		A01EDAED1A1808F500F152CE /* PebbleAuthenticatorTests.swift in Sources */ = {isa = PBXBuildFile; fileRef = A01EDAEC1A1808F500F152CE /* PebbleAuthenticatorTests.swift */; };
		A01EDAF71A1809F700F152CE /* PebbleKit.framework in Frameworks */ = {isa = PBXBuildFile; fileRef = A01EDAF61A1809F700F152CE /* PebbleKit.framework */; };
		A01EDAF91A180A0F00F152CE /* PebbleVendor.framework in Frameworks */ = {isa = PBXBuildFile; fileRef = A01EDAF81A180A0F00F152CE /* PebbleVendor.framework */; };
		A01EDAFB1A180A2700F152CE /* ExternalAccessory.framework in Frameworks */ = {isa = PBXBuildFile; fileRef = A01EDAFA1A180A2700F152CE /* ExternalAccessory.framework */; };
		A01EDAFD1A180A3A00F152CE /* libz.dylib in Frameworks */ = {isa = PBXBuildFile; fileRef = A01EDAFC1A180A3A00F152CE /* libz.dylib */; };
		A01EDAFF1A180A4800F152CE /* CoreBluetooth.framework in Frameworks */ = {isa = PBXBuildFile; fileRef = A01EDAFE1A180A4800F152CE /* CoreBluetooth.framework */; };
		A01EDB011A180A5200F152CE /* CoreMotion.framework in Frameworks */ = {isa = PBXBuildFile; fileRef = A01EDB001A180A5200F152CE /* CoreMotion.framework */; };
		A01EDB031A180A5D00F152CE /* MessageUI.framework in Frameworks */ = {isa = PBXBuildFile; fileRef = A01EDB021A180A5D00F152CE /* MessageUI.framework */; };
/* End PBXBuildFile section */

/* Begin PBXContainerItemProxy section */
		A01EDAE71A1808F500F152CE /* PBXContainerItemProxy */ = {
			isa = PBXContainerItemProxy;
			containerPortal = A01EDAC61A1808F500F152CE /* Project object */;
			proxyType = 1;
			remoteGlobalIDString = A01EDACD1A1808F500F152CE;
			remoteInfo = PebbleAuthenticator;
		};
/* End PBXContainerItemProxy section */

/* Begin PBXFileReference section */
		A01EDACE1A1808F500F152CE /* PebbleAuthenticator.app */ = {isa = PBXFileReference; explicitFileType = wrapper.application; includeInIndex = 0; path = PebbleAuthenticator.app; sourceTree = BUILT_PRODUCTS_DIR; };
		A01EDAD21A1808F500F152CE /* Info.plist */ = {isa = PBXFileReference; lastKnownFileType = text.plist.xml; path = Info.plist; sourceTree = "<group>"; };
		A01EDAD31A1808F500F152CE /* AppDelegate.swift */ = {isa = PBXFileReference; lastKnownFileType = sourcecode.swift; path = AppDelegate.swift; sourceTree = "<group>"; };
		A01EDAD61A1808F500F152CE /* PebbleAuthenticator.xcdatamodel */ = {isa = PBXFileReference; lastKnownFileType = wrapper.xcdatamodel; path = PebbleAuthenticator.xcdatamodel; sourceTree = "<group>"; };
		A01EDAD81A1808F500F152CE /* ViewController.swift */ = {isa = PBXFileReference; lastKnownFileType = sourcecode.swift; path = ViewController.swift; sourceTree = "<group>"; };
		A01EDADB1A1808F500F152CE /* Base */ = {isa = PBXFileReference; lastKnownFileType = file.storyboard; name = Base; path = Base.lproj/Main.storyboard; sourceTree = "<group>"; };
		A01EDADD1A1808F500F152CE /* Images.xcassets */ = {isa = PBXFileReference; lastKnownFileType = folder.assetcatalog; path = Images.xcassets; sourceTree = "<group>"; };
		A01EDAE01A1808F500F152CE /* Base */ = {isa = PBXFileReference; lastKnownFileType = file.xib; name = Base; path = Base.lproj/LaunchScreen.xib; sourceTree = "<group>"; };
		A01EDAE61A1808F500F152CE /* PebbleAuthenticatorTests.xctest */ = {isa = PBXFileReference; explicitFileType = wrapper.cfbundle; includeInIndex = 0; path = PebbleAuthenticatorTests.xctest; sourceTree = BUILT_PRODUCTS_DIR; };
		A01EDAEB1A1808F500F152CE /* Info.plist */ = {isa = PBXFileReference; lastKnownFileType = text.plist.xml; path = Info.plist; sourceTree = "<group>"; };
		A01EDAEC1A1808F500F152CE /* PebbleAuthenticatorTests.swift */ = {isa = PBXFileReference; lastKnownFileType = sourcecode.swift; path = PebbleAuthenticatorTests.swift; sourceTree = "<group>"; };
		A01EDAF61A1809F700F152CE /* PebbleKit.framework */ = {isa = PBXFileReference; lastKnownFileType = wrapper.framework; name = PebbleKit.framework; path = PebbleAuthenticator/PebbleKit.framework; sourceTree = "<group>"; };
		A01EDAF81A180A0F00F152CE /* PebbleVendor.framework */ = {isa = PBXFileReference; lastKnownFileType = wrapper.framework; name = PebbleVendor.framework; path = PebbleAuthenticator/PebbleVendor.framework; sourceTree = "<group>"; };
		A01EDAFA1A180A2700F152CE /* ExternalAccessory.framework */ = {isa = PBXFileReference; lastKnownFileType = wrapper.framework; name = ExternalAccessory.framework; path = System/Library/Frameworks/ExternalAccessory.framework; sourceTree = SDKROOT; };
		A01EDAFC1A180A3A00F152CE /* libz.dylib */ = {isa = PBXFileReference; lastKnownFileType = "compiled.mach-o.dylib"; name = libz.dylib; path = usr/lib/libz.dylib; sourceTree = SDKROOT; };
		A01EDAFE1A180A4800F152CE /* CoreBluetooth.framework */ = {isa = PBXFileReference; lastKnownFileType = wrapper.framework; name = CoreBluetooth.framework; path = System/Library/Frameworks/CoreBluetooth.framework; sourceTree = SDKROOT; };
		A01EDB001A180A5200F152CE /* CoreMotion.framework */ = {isa = PBXFileReference; lastKnownFileType = wrapper.framework; name = CoreMotion.framework; path = System/Library/Frameworks/CoreMotion.framework; sourceTree = SDKROOT; };
		A01EDB021A180A5D00F152CE /* MessageUI.framework */ = {isa = PBXFileReference; lastKnownFileType = wrapper.framework; name = MessageUI.framework; path = System/Library/Frameworks/MessageUI.framework; sourceTree = SDKROOT; };
/* End PBXFileReference section */

/* Begin PBXFrameworksBuildPhase section */
		A01EDACB1A1808F500F152CE /* Frameworks */ = {
			isa = PBXFrameworksBuildPhase;
			buildActionMask = 2147483647;
			files = (
				A01EDB031A180A5D00F152CE /* MessageUI.framework in Frameworks */,
				A01EDB011A180A5200F152CE /* CoreMotion.framework in Frameworks */,
				A01EDAFF1A180A4800F152CE /* CoreBluetooth.framework in Frameworks */,
				A01EDAFD1A180A3A00F152CE /* libz.dylib in Frameworks */,
				A01EDAFB1A180A2700F152CE /* ExternalAccessory.framework in Frameworks */,
				A01EDAF91A180A0F00F152CE /* PebbleVendor.framework in Frameworks */,
				A01EDAF71A1809F700F152CE /* PebbleKit.framework in Frameworks */,
			);
			runOnlyForDeploymentPostprocessing = 0;
		};
		A01EDAE31A1808F500F152CE /* Frameworks */ = {
			isa = PBXFrameworksBuildPhase;
			buildActionMask = 2147483647;
			files = (
			);
			runOnlyForDeploymentPostprocessing = 0;
		};
/* End PBXFrameworksBuildPhase section */

/* Begin PBXGroup section */
		A01EDAC51A1808F500F152CE = {
			isa = PBXGroup;
			children = (
				A01EDAD01A1808F500F152CE /* PebbleAuthenticator */,
				A01EDAE91A1808F500F152CE /* PebbleAuthenticatorTests */,
				A01EDACF1A1808F500F152CE /* Products */,
				A01EDB041A180DDD00F152CE /* Frameworks */,
			);
			sourceTree = "<group>";
		};
		A01EDACF1A1808F500F152CE /* Products */ = {
			isa = PBXGroup;
			children = (
				A01EDACE1A1808F500F152CE /* PebbleAuthenticator.app */,
				A01EDAE61A1808F500F152CE /* PebbleAuthenticatorTests.xctest */,
			);
			name = Products;
			sourceTree = "<group>";
		};
		A01EDAD01A1808F500F152CE /* PebbleAuthenticator */ = {
			isa = PBXGroup;
			children = (
				A01EDAD31A1808F500F152CE /* AppDelegate.swift */,
				A01EDAD81A1808F500F152CE /* ViewController.swift */,
				A01EDADA1A1808F500F152CE /* Main.storyboard */,
				A01EDADD1A1808F500F152CE /* Images.xcassets */,
				A01EDADF1A1808F500F152CE /* LaunchScreen.xib */,
				A01EDAD51A1808F500F152CE /* PebbleAuthenticator.xcdatamodeld */,
				A01EDAD11A1808F500F152CE /* Supporting Files */,
			);
			path = PebbleAuthenticator;
			sourceTree = "<group>";
		};
		A01EDAD11A1808F500F152CE /* Supporting Files */ = {
			isa = PBXGroup;
			children = (
				A01EDAD21A1808F500F152CE /* Info.plist */,
			);
			name = "Supporting Files";
			sourceTree = "<group>";
		};
		A01EDAE91A1808F500F152CE /* PebbleAuthenticatorTests */ = {
			isa = PBXGroup;
			children = (
				A01EDAEC1A1808F500F152CE /* PebbleAuthenticatorTests.swift */,
				A01EDAEA1A1808F500F152CE /* Supporting Files */,
			);
			path = PebbleAuthenticatorTests;
			sourceTree = "<group>";
		};
		A01EDAEA1A1808F500F152CE /* Supporting Files */ = {
			isa = PBXGroup;
			children = (
				A01EDAEB1A1808F500F152CE /* Info.plist */,
			);
			name = "Supporting Files";
			sourceTree = "<group>";
		};
		A01EDB041A180DDD00F152CE /* Frameworks */ = {
			isa = PBXGroup;
			children = (
				A01EDB021A180A5D00F152CE /* MessageUI.framework */,
				A01EDB001A180A5200F152CE /* CoreMotion.framework */,
				A01EDAFE1A180A4800F152CE /* CoreBluetooth.framework */,
				A01EDAFC1A180A3A00F152CE /* libz.dylib */,
				A01EDAFA1A180A2700F152CE /* ExternalAccessory.framework */,
				A01EDAF81A180A0F00F152CE /* PebbleVendor.framework */,
				A01EDAF61A1809F700F152CE /* PebbleKit.framework */,
			);
			name = Frameworks;
			sourceTree = "<group>";
		};
/* End PBXGroup section */

/* Begin PBXNativeTarget section */
		A01EDACD1A1808F500F152CE /* PebbleAuthenticator */ = {
			isa = PBXNativeTarget;
			buildConfigurationList = A01EDAF01A1808F500F152CE /* Build configuration list for PBXNativeTarget "PebbleAuthenticator" */;
			buildPhases = (
				A01EDACA1A1808F500F152CE /* Sources */,
				A01EDACB1A1808F500F152CE /* Frameworks */,
				A01EDACC1A1808F500F152CE /* Resources */,
			);
			buildRules = (
			);
			dependencies = (
			);
			name = PebbleAuthenticator;
			productName = PebbleAuthenticator;
			productReference = A01EDACE1A1808F500F152CE /* PebbleAuthenticator.app */;
			productType = "com.apple.product-type.application";
		};
		A01EDAE51A1808F500F152CE /* PebbleAuthenticatorTests */ = {
			isa = PBXNativeTarget;
			buildConfigurationList = A01EDAF31A1808F500F152CE /* Build configuration list for PBXNativeTarget "PebbleAuthenticatorTests" */;
			buildPhases = (
				A01EDAE21A1808F500F152CE /* Sources */,
				A01EDAE31A1808F500F152CE /* Frameworks */,
				A01EDAE41A1808F500F152CE /* Resources */,
			);
			buildRules = (
			);
			dependencies = (
				A01EDAE81A1808F500F152CE /* PBXTargetDependency */,
			);
			name = PebbleAuthenticatorTests;
			productName = PebbleAuthenticatorTests;
			productReference = A01EDAE61A1808F500F152CE /* PebbleAuthenticatorTests.xctest */;
			productType = "com.apple.product-type.bundle.unit-test";
		};
/* End PBXNativeTarget section */

/* Begin PBXProject section */
		A01EDAC61A1808F500F152CE /* Project object */ = {
			isa = PBXProject;
			attributes = {
				LastUpgradeCheck = 0610;
				ORGANIZATIONNAME = CryptoKnights;
				TargetAttributes = {
					A01EDACD1A1808F500F152CE = {
						CreatedOnToolsVersion = 6.1;
					};
					A01EDAE51A1808F500F152CE = {
						CreatedOnToolsVersion = 6.1;
						TestTargetID = A01EDACD1A1808F500F152CE;
					};
				};
			};
			buildConfigurationList = A01EDAC91A1808F500F152CE /* Build configuration list for PBXProject "PebbleAuthenticator" */;
			compatibilityVersion = "Xcode 3.2";
			developmentRegion = English;
			hasScannedForEncodings = 0;
			knownRegions = (
				en,
				Base,
			);
			mainGroup = A01EDAC51A1808F500F152CE;
			productRefGroup = A01EDACF1A1808F500F152CE /* Products */;
			projectDirPath = "";
			projectRoot = "";
			targets = (
				A01EDACD1A1808F500F152CE /* PebbleAuthenticator */,
				A01EDAE51A1808F500F152CE /* PebbleAuthenticatorTests */,
			);
		};
/* End PBXProject section */

/* Begin PBXResourcesBuildPhase section */
		A01EDACC1A1808F500F152CE /* Resources */ = {
			isa = PBXResourcesBuildPhase;
			buildActionMask = 2147483647;
			files = (
				A01EDADC1A1808F500F152CE /* Main.storyboard in Resources */,
				A01EDAE11A1808F500F152CE /* LaunchScreen.xib in Resources */,
				A01EDADE1A1808F500F152CE /* Images.xcassets in Resources */,
			);
			runOnlyForDeploymentPostprocessing = 0;
		};
		A01EDAE41A1808F500F152CE /* Resources */ = {
			isa = PBXResourcesBuildPhase;
			buildActionMask = 2147483647;
			files = (
			);
			runOnlyForDeploymentPostprocessing = 0;
		};
/* End PBXResourcesBuildPhase section */

/* Begin PBXSourcesBuildPhase section */
		A01EDACA1A1808F500F152CE /* Sources */ = {
			isa = PBXSourcesBuildPhase;
			buildActionMask = 2147483647;
			files = (
				A01EDAD91A1808F500F152CE /* ViewController.swift in Sources */,
				A01EDAD71A1808F500F152CE /* PebbleAuthenticator.xcdatamodeld in Sources */,
				A01EDAD41A1808F500F152CE /* AppDelegate.swift in Sources */,
			);
			runOnlyForDeploymentPostprocessing = 0;
		};
		A01EDAE21A1808F500F152CE /* Sources */ = {
			isa = PBXSourcesBuildPhase;
			buildActionMask = 2147483647;
			files = (
				A01EDAED1A1808F500F152CE /* PebbleAuthenticatorTests.swift in Sources */,
			);
			runOnlyForDeploymentPostprocessing = 0;
		};
/* End PBXSourcesBuildPhase section */

/* Begin PBXTargetDependency section */
		A01EDAE81A1808F500F152CE /* PBXTargetDependency */ = {
			isa = PBXTargetDependency;
			target = A01EDACD1A1808F500F152CE /* PebbleAuthenticator */;
			targetProxy = A01EDAE71A1808F500F152CE /* PBXContainerItemProxy */;
		};
/* End PBXTargetDependency section */

/* Begin PBXVariantGroup section */
		A01EDADA1A1808F500F152CE /* Main.storyboard */ = {
			isa = PBXVariantGroup;
			children = (
				A01EDADB1A1808F500F152CE /* Base */,
			);
			name = Main.storyboard;
			sourceTree = "<group>";
		};
		A01EDADF1A1808F500F152CE /* LaunchScreen.xib */ = {
			isa = PBXVariantGroup;
			children = (
				A01EDAE01A1808F500F152CE /* Base */,
			);
			name = LaunchScreen.xib;
			sourceTree = "<group>";
		};
/* End PBXVariantGroup section */

/* Begin XCBuildConfiguration section */
		A01EDAEE1A1808F500F152CE /* Debug */ = {
			isa = XCBuildConfiguration;
			buildSettings = {
				ALWAYS_SEARCH_USER_PATHS = NO;
				CLANG_CXX_LANGUAGE_STANDARD = "gnu++0x";
				CLANG_CXX_LIBRARY = "libc++";
				CLANG_ENABLE_MODULES = YES;
				CLANG_ENABLE_OBJC_ARC = YES;
				CLANG_WARN_BOOL_CONVERSION = YES;
				CLANG_WARN_CONSTANT_CONVERSION = YES;
				CLANG_WARN_DIRECT_OBJC_ISA_USAGE = YES_ERROR;
				CLANG_WARN_EMPTY_BODY = YES;
				CLANG_WARN_ENUM_CONVERSION = YES;
				CLANG_WARN_INT_CONVERSION = YES;
				CLANG_WARN_OBJC_ROOT_CLASS = YES_ERROR;
				CLANG_WARN_UNREACHABLE_CODE = YES;
				CLANG_WARN__DUPLICATE_METHOD_MATCH = YES;
				"CODE_SIGN_IDENTITY[sdk=iphoneos*]" = "iPhone Developer";
				COPY_PHASE_STRIP = NO;
				ENABLE_STRICT_OBJC_MSGSEND = YES;
				GCC_C_LANGUAGE_STANDARD = gnu99;
				GCC_DYNAMIC_NO_PIC = NO;
				GCC_OPTIMIZATION_LEVEL = 0;
				GCC_PREPROCESSOR_DEFINITIONS = (
					"DEBUG=1",
					"$(inherited)",
				);
				GCC_SYMBOLS_PRIVATE_EXTERN = NO;
				GCC_WARN_64_TO_32_BIT_CONVERSION = YES;
				GCC_WARN_ABOUT_RETURN_TYPE = YES_ERROR;
				GCC_WARN_UNDECLARED_SELECTOR = YES;
				GCC_WARN_UNINITIALIZED_AUTOS = YES_AGGRESSIVE;
				GCC_WARN_UNUSED_FUNCTION = YES;
				GCC_WARN_UNUSED_VARIABLE = YES;
				IPHONEOS_DEPLOYMENT_TARGET = 8.1;
				MTL_ENABLE_DEBUG_INFO = YES;
				ONLY_ACTIVE_ARCH = YES;
				SDKROOT = iphoneos;
				SWIFT_OPTIMIZATION_LEVEL = "-Onone";
			};
			name = Debug;
		};
		A01EDAEF1A1808F500F152CE /* Release */ = {
			isa = XCBuildConfiguration;
			buildSettings = {
				ALWAYS_SEARCH_USER_PATHS = NO;
				CLANG_CXX_LANGUAGE_STANDARD = "gnu++0x";
				CLANG_CXX_LIBRARY = "libc++";
				CLANG_ENABLE_MODULES = YES;
				CLANG_ENABLE_OBJC_ARC = YES;
				CLANG_WARN_BOOL_CONVERSION = YES;
				CLANG_WARN_CONSTANT_CONVERSION = YES;
				CLANG_WARN_DIRECT_OBJC_ISA_USAGE = YES_ERROR;
				CLANG_WARN_EMPTY_BODY = YES;
				CLANG_WARN_ENUM_CONVERSION = YES;
				CLANG_WARN_INT_CONVERSION = YES;
				CLANG_WARN_OBJC_ROOT_CLASS = YES_ERROR;
				CLANG_WARN_UNREACHABLE_CODE = YES;
				CLANG_WARN__DUPLICATE_METHOD_MATCH = YES;
				"CODE_SIGN_IDENTITY[sdk=iphoneos*]" = "iPhone Developer";
				COPY_PHASE_STRIP = YES;
				ENABLE_NS_ASSERTIONS = NO;
				ENABLE_STRICT_OBJC_MSGSEND = YES;
				GCC_C_LANGUAGE_STANDARD = gnu99;
				GCC_WARN_64_TO_32_BIT_CONVERSION = YES;
				GCC_WARN_ABOUT_RETURN_TYPE = YES_ERROR;
				GCC_WARN_UNDECLARED_SELECTOR = YES;
				GCC_WARN_UNINITIALIZED_AUTOS = YES_AGGRESSIVE;
				GCC_WARN_UNUSED_FUNCTION = YES;
				GCC_WARN_UNUSED_VARIABLE = YES;
				IPHONEOS_DEPLOYMENT_TARGET = 8.1;
				MTL_ENABLE_DEBUG_INFO = NO;
				SDKROOT = iphoneos;
				VALIDATE_PRODUCT = YES;
			};
			name = Release;
		};
		A01EDAF11A1808F500F152CE /* Debug */ = {
			isa = XCBuildConfiguration;
			buildSettings = {
				ASSETCATALOG_COMPILER_APPICON_NAME = AppIcon;
				FRAMEWORK_SEARCH_PATHS = (
					"$(inherited)",
					"$(PROJECT_DIR)/PebbleAuthenticator",
				);
				INFOPLIST_FILE = PebbleAuthenticator/Info.plist;
				LD_RUNPATH_SEARCH_PATHS = "$(inherited) @executable_path/Frameworks";
				"OTHER_LDFLAGS[arch=*]" = "-ObjC";
				PRODUCT_NAME = "$(TARGET_NAME)";
			};
			name = Debug;
		};
		A01EDAF21A1808F500F152CE /* Release */ = {
			isa = XCBuildConfiguration;
			buildSettings = {
				ASSETCATALOG_COMPILER_APPICON_NAME = AppIcon;
				FRAMEWORK_SEARCH_PATHS = (
					"$(inherited)",
					"$(PROJECT_DIR)/PebbleAuthenticator",
				);
				INFOPLIST_FILE = PebbleAuthenticator/Info.plist;
				LD_RUNPATH_SEARCH_PATHS = "$(inherited) @executable_path/Frameworks";
				"OTHER_LDFLAGS[arch=*]" = "-ObjC";
				PRODUCT_NAME = "$(TARGET_NAME)";
			};
			name = Release;
		};
		A01EDAF41A1808F500F152CE /* Debug */ = {
			isa = XCBuildConfiguration;
			buildSettings = {
				BUNDLE_LOADER = "$(TEST_HOST)";
				FRAMEWORK_SEARCH_PATHS = (
					"$(SDKROOT)/Developer/Library/Frameworks",
					"$(inherited)",
				);
				GCC_PREPROCESSOR_DEFINITIONS = (
					"DEBUG=1",
					"$(inherited)",
				);
				INFOPLIST_FILE = PebbleAuthenticatorTests/Info.plist;
				LD_RUNPATH_SEARCH_PATHS = "$(inherited) @executable_path/Frameworks @loader_path/Frameworks";
				PRODUCT_NAME = "$(TARGET_NAME)";
				TEST_HOST = "$(BUILT_PRODUCTS_DIR)/PebbleAuthenticator.app/PebbleAuthenticator";
			};
			name = Debug;
		};
		A01EDAF51A1808F500F152CE /* Release */ = {
			isa = XCBuildConfiguration;
			buildSettings = {
				BUNDLE_LOADER = "$(TEST_HOST)";
				FRAMEWORK_SEARCH_PATHS = (
					"$(SDKROOT)/Developer/Library/Frameworks",
					"$(inherited)",
				);
				INFOPLIST_FILE = PebbleAuthenticatorTests/Info.plist;
				LD_RUNPATH_SEARCH_PATHS = "$(inherited) @executable_path/Frameworks @loader_path/Frameworks";
				PRODUCT_NAME = "$(TARGET_NAME)";
				TEST_HOST = "$(BUILT_PRODUCTS_DIR)/PebbleAuthenticator.app/PebbleAuthenticator";
			};
			name = Release;
		};
/* End XCBuildConfiguration section */

/* Begin XCConfigurationList section */
		A01EDAC91A1808F500F152CE /* Build configuration list for PBXProject "PebbleAuthenticator" */ = {
			isa = XCConfigurationList;
			buildConfigurations = (
				A01EDAEE1A1808F500F152CE /* Debug */,
				A01EDAEF1A1808F500F152CE /* Release */,
			);
			defaultConfigurationIsVisible = 0;
			defaultConfigurationName = Release;
		};
		A01EDAF01A1808F500F152CE /* Build configuration list for PBXNativeTarget "PebbleAuthenticator" */ = {
			isa = XCConfigurationList;
			buildConfigurations = (
				A01EDAF11A1808F500F152CE /* Debug */,
				A01EDAF21A1808F500F152CE /* Release */,
			);
			defaultConfigurationIsVisible = 0;
			defaultConfigurationName = Release;
		};
		A01EDAF31A1808F500F152CE /* Build configuration list for PBXNativeTarget "PebbleAuthenticatorTests" */ = {
			isa = XCConfigurationList;
			buildConfigurations = (
				A01EDAF41A1808F500F152CE /* Debug */,
				A01EDAF51A1808F500F152CE /* Release */,
			);
			defaultConfigurationIsVisible = 0;
			defaultConfigurationName = Release;
		};
/* End XCConfigurationList section */

/* Begin XCVersionGroup section */
		A01EDAD51A1808F500F152CE /* PebbleAuthenticator.xcdatamodeld */ = {
			isa = XCVersionGroup;
			children = (
				A01EDAD61A1808F500F152CE /* PebbleAuthenticator.xcdatamodel */,
			);
			currentVersion = A01EDAD61A1808F500F152CE /* PebbleAuthenticator.xcdatamodel */;
			path = PebbleAuthenticator.xcdatamodeld;
			sourceTree = "<group>";
			versionGroupType = wrapper.xcdatamodel;
		};
/* End XCVersionGroup section */
	};
	rootObject = A01EDAC61A1808F500F152CE /* Project object */;
}
