// !$*UTF8*$!
{
	archiveVersion = 1;
	classes = {
	};
	objectVersion = 46;
	objects = {

/* Begin PBXBuildFile section */
		A01EDA721A18054600F152CE /* AppDelegate.swift in Sources */ = {isa = PBXBuildFile; fileRef = A01EDA711A18054600F152CE /* AppDelegate.swift */; };
		A01EDA751A18054600F152CE /* PebbleAuthenticator.xcdatamodeld in Sources */ = {isa = PBXBuildFile; fileRef = A01EDA731A18054600F152CE /* PebbleAuthenticator.xcdatamodeld */; };
		A01EDA771A18054600F152CE /* ViewController.swift in Sources */ = {isa = PBXBuildFile; fileRef = A01EDA761A18054600F152CE /* ViewController.swift */; };
		A01EDA7A1A18054600F152CE /* Main.storyboard in Resources */ = {isa = PBXBuildFile; fileRef = A01EDA781A18054600F152CE /* Main.storyboard */; };
		A01EDA7C1A18054600F152CE /* Images.xcassets in Resources */ = {isa = PBXBuildFile; fileRef = A01EDA7B1A18054600F152CE /* Images.xcassets */; };
		A01EDA7F1A18054600F152CE /* LaunchScreen.xib in Resources */ = {isa = PBXBuildFile; fileRef = A01EDA7D1A18054600F152CE /* LaunchScreen.xib */; };
		A01EDA8B1A18054600F152CE /* PebbleAuthenticatorTests.swift in Sources */ = {isa = PBXBuildFile; fileRef = A01EDA8A1A18054600F152CE /* PebbleAuthenticatorTests.swift */; };
/* End PBXBuildFile section */

/* Begin PBXContainerItemProxy section */
		A01EDA851A18054600F152CE /* PBXContainerItemProxy */ = {
			isa = PBXContainerItemProxy;
			containerPortal = A01EDA641A18054500F152CE /* Project object */;
			proxyType = 1;
			remoteGlobalIDString = A01EDA6B1A18054500F152CE;
			remoteInfo = PebbleAuthenticator;
		};
/* End PBXContainerItemProxy section */

/* Begin PBXFileReference section */
		A01EDA6C1A18054600F152CE /* PebbleAuthenticator.app */ = {isa = PBXFileReference; explicitFileType = wrapper.application; includeInIndex = 0; path = PebbleAuthenticator.app; sourceTree = BUILT_PRODUCTS_DIR; };
		A01EDA701A18054600F152CE /* Info.plist */ = {isa = PBXFileReference; lastKnownFileType = text.plist.xml; path = Info.plist; sourceTree = "<group>"; };
		A01EDA711A18054600F152CE /* AppDelegate.swift */ = {isa = PBXFileReference; lastKnownFileType = sourcecode.swift; path = AppDelegate.swift; sourceTree = "<group>"; };
		A01EDA741A18054600F152CE /* PebbleAuthenticator.xcdatamodel */ = {isa = PBXFileReference; lastKnownFileType = wrapper.xcdatamodel; path = PebbleAuthenticator.xcdatamodel; sourceTree = "<group>"; };
		A01EDA761A18054600F152CE /* ViewController.swift */ = {isa = PBXFileReference; lastKnownFileType = sourcecode.swift; path = ViewController.swift; sourceTree = "<group>"; };
		A01EDA791A18054600F152CE /* Base */ = {isa = PBXFileReference; lastKnownFileType = file.storyboard; name = Base; path = Base.lproj/Main.storyboard; sourceTree = "<group>"; };
		A01EDA7B1A18054600F152CE /* Images.xcassets */ = {isa = PBXFileReference; lastKnownFileType = folder.assetcatalog; path = Images.xcassets; sourceTree = "<group>"; };
		A01EDA7E1A18054600F152CE /* Base */ = {isa = PBXFileReference; lastKnownFileType = file.xib; name = Base; path = Base.lproj/LaunchScreen.xib; sourceTree = "<group>"; };
		A01EDA841A18054600F152CE /* PebbleAuthenticatorTests.xctest */ = {isa = PBXFileReference; explicitFileType = wrapper.cfbundle; includeInIndex = 0; path = PebbleAuthenticatorTests.xctest; sourceTree = BUILT_PRODUCTS_DIR; };
		A01EDA891A18054600F152CE /* Info.plist */ = {isa = PBXFileReference; lastKnownFileType = text.plist.xml; path = Info.plist; sourceTree = "<group>"; };
		A01EDA8A1A18054600F152CE /* PebbleAuthenticatorTests.swift */ = {isa = PBXFileReference; lastKnownFileType = sourcecode.swift; path = PebbleAuthenticatorTests.swift; sourceTree = "<group>"; };
/* End PBXFileReference section */

/* Begin PBXFrameworksBuildPhase section */
		A01EDA691A18054500F152CE /* Frameworks */ = {
			isa = PBXFrameworksBuildPhase;
			buildActionMask = 2147483647;
			files = (
			);
			runOnlyForDeploymentPostprocessing = 0;
		};
		A01EDA811A18054600F152CE /* Frameworks */ = {
			isa = PBXFrameworksBuildPhase;
			buildActionMask = 2147483647;
			files = (
			);
			runOnlyForDeploymentPostprocessing = 0;
		};
/* End PBXFrameworksBuildPhase section */

/* Begin PBXGroup section */
		A01EDA631A18054500F152CE = {
			isa = PBXGroup;
			children = (
				A01EDA6E1A18054600F152CE /* PebbleAuthenticator */,
				A01EDA871A18054600F152CE /* PebbleAuthenticatorTests */,
				A01EDA6D1A18054600F152CE /* Products */,
			);
			sourceTree = "<group>";
		};
		A01EDA6D1A18054600F152CE /* Products */ = {
			isa = PBXGroup;
			children = (
				A01EDA6C1A18054600F152CE /* PebbleAuthenticator.app */,
				A01EDA841A18054600F152CE /* PebbleAuthenticatorTests.xctest */,
			);
			name = Products;
			sourceTree = "<group>";
		};
		A01EDA6E1A18054600F152CE /* PebbleAuthenticator */ = {
			isa = PBXGroup;
			children = (
				A01EDA711A18054600F152CE /* AppDelegate.swift */,
				A01EDA761A18054600F152CE /* ViewController.swift */,
				A01EDA781A18054600F152CE /* Main.storyboard */,
				A01EDA7B1A18054600F152CE /* Images.xcassets */,
				A01EDA7D1A18054600F152CE /* LaunchScreen.xib */,
				A01EDA731A18054600F152CE /* PebbleAuthenticator.xcdatamodeld */,
				A01EDA6F1A18054600F152CE /* Supporting Files */,
			);
			path = PebbleAuthenticator;
			sourceTree = "<group>";
		};
		A01EDA6F1A18054600F152CE /* Supporting Files */ = {
			isa = PBXGroup;
			children = (
				A01EDA701A18054600F152CE /* Info.plist */,
			);
			name = "Supporting Files";
			sourceTree = "<group>";
		};
		A01EDA871A18054600F152CE /* PebbleAuthenticatorTests */ = {
			isa = PBXGroup;
			children = (
				A01EDA8A1A18054600F152CE /* PebbleAuthenticatorTests.swift */,
				A01EDA881A18054600F152CE /* Supporting Files */,
			);
			path = PebbleAuthenticatorTests;
			sourceTree = "<group>";
		};
		A01EDA881A18054600F152CE /* Supporting Files */ = {
			isa = PBXGroup;
			children = (
				A01EDA891A18054600F152CE /* Info.plist */,
			);
			name = "Supporting Files";
			sourceTree = "<group>";
		};
/* End PBXGroup section */

/* Begin PBXNativeTarget section */
		A01EDA6B1A18054500F152CE /* PebbleAuthenticator */ = {
			isa = PBXNativeTarget;
			buildConfigurationList = A01EDA8E1A18054600F152CE /* Build configuration list for PBXNativeTarget "PebbleAuthenticator" */;
			buildPhases = (
				A01EDA681A18054500F152CE /* Sources */,
				A01EDA691A18054500F152CE /* Frameworks */,
				A01EDA6A1A18054500F152CE /* Resources */,
			);
			buildRules = (
			);
			dependencies = (
			);
			name = PebbleAuthenticator;
			productName = PebbleAuthenticator;
			productReference = A01EDA6C1A18054600F152CE /* PebbleAuthenticator.app */;
			productType = "com.apple.product-type.application";
		};
		A01EDA831A18054600F152CE /* PebbleAuthenticatorTests */ = {
			isa = PBXNativeTarget;
			buildConfigurationList = A01EDA911A18054600F152CE /* Build configuration list for PBXNativeTarget "PebbleAuthenticatorTests" */;
			buildPhases = (
				A01EDA801A18054600F152CE /* Sources */,
				A01EDA811A18054600F152CE /* Frameworks */,
				A01EDA821A18054600F152CE /* Resources */,
			);
			buildRules = (
			);
			dependencies = (
				A01EDA861A18054600F152CE /* PBXTargetDependency */,
			);
			name = PebbleAuthenticatorTests;
			productName = PebbleAuthenticatorTests;
			productReference = A01EDA841A18054600F152CE /* PebbleAuthenticatorTests.xctest */;
			productType = "com.apple.product-type.bundle.unit-test";
		};
/* End PBXNativeTarget section */

/* Begin PBXProject section */
		A01EDA641A18054500F152CE /* Project object */ = {
			isa = PBXProject;
			attributes = {
				LastUpgradeCheck = 0610;
				ORGANIZATIONNAME = Drillionaires;
				TargetAttributes = {
					A01EDA6B1A18054500F152CE = {
						CreatedOnToolsVersion = 6.1;
					};
					A01EDA831A18054600F152CE = {
						CreatedOnToolsVersion = 6.1;
						TestTargetID = A01EDA6B1A18054500F152CE;
					};
				};
			};
			buildConfigurationList = A01EDA671A18054500F152CE /* Build configuration list for PBXProject "PebbleAuthenticator" */;
			compatibilityVersion = "Xcode 3.2";
			developmentRegion = English;
			hasScannedForEncodings = 0;
			knownRegions = (
				en,
				Base,
			);
			mainGroup = A01EDA631A18054500F152CE;
			productRefGroup = A01EDA6D1A18054600F152CE /* Products */;
			projectDirPath = "";
			projectRoot = "";
			targets = (
				A01EDA6B1A18054500F152CE /* PebbleAuthenticator */,
				A01EDA831A18054600F152CE /* PebbleAuthenticatorTests */,
			);
		};
/* End PBXProject section */

/* Begin PBXResourcesBuildPhase section */
		A01EDA6A1A18054500F152CE /* Resources */ = {
			isa = PBXResourcesBuildPhase;
			buildActionMask = 2147483647;
			files = (
				A01EDA7A1A18054600F152CE /* Main.storyboard in Resources */,
				A01EDA7F1A18054600F152CE /* LaunchScreen.xib in Resources */,
				A01EDA7C1A18054600F152CE /* Images.xcassets in Resources */,
			);
			runOnlyForDeploymentPostprocessing = 0;
		};
		A01EDA821A18054600F152CE /* Resources */ = {
			isa = PBXResourcesBuildPhase;
			buildActionMask = 2147483647;
			files = (
			);
			runOnlyForDeploymentPostprocessing = 0;
		};
/* End PBXResourcesBuildPhase section */

/* Begin PBXSourcesBuildPhase section */
		A01EDA681A18054500F152CE /* Sources */ = {
			isa = PBXSourcesBuildPhase;
			buildActionMask = 2147483647;
			files = (
				A01EDA771A18054600F152CE /* ViewController.swift in Sources */,
				A01EDA751A18054600F152CE /* PebbleAuthenticator.xcdatamodeld in Sources */,
				A01EDA721A18054600F152CE /* AppDelegate.swift in Sources */,
			);
			runOnlyForDeploymentPostprocessing = 0;
		};
		A01EDA801A18054600F152CE /* Sources */ = {
			isa = PBXSourcesBuildPhase;
			buildActionMask = 2147483647;
			files = (
				A01EDA8B1A18054600F152CE /* PebbleAuthenticatorTests.swift in Sources */,
			);
			runOnlyForDeploymentPostprocessing = 0;
		};
/* End PBXSourcesBuildPhase section */

/* Begin PBXTargetDependency section */
		A01EDA861A18054600F152CE /* PBXTargetDependency */ = {
			isa = PBXTargetDependency;
			target = A01EDA6B1A18054500F152CE /* PebbleAuthenticator */;
			targetProxy = A01EDA851A18054600F152CE /* PBXContainerItemProxy */;
		};
/* End PBXTargetDependency section */

/* Begin PBXVariantGroup section */
		A01EDA781A18054600F152CE /* Main.storyboard */ = {
			isa = PBXVariantGroup;
			children = (
				A01EDA791A18054600F152CE /* Base */,
			);
			name = Main.storyboard;
			sourceTree = "<group>";
		};
		A01EDA7D1A18054600F152CE /* LaunchScreen.xib */ = {
			isa = PBXVariantGroup;
			children = (
				A01EDA7E1A18054600F152CE /* Base */,
			);
			name = LaunchScreen.xib;
			sourceTree = "<group>";
		};
/* End PBXVariantGroup section */

/* Begin XCBuildConfiguration section */
		A01EDA8C1A18054600F152CE /* Debug */ = {
			isa = XCBuildConfiguration;
			buildSettings = {
				ALWAYS_SEARCH_USER_PATHS = NO;
				CLANG_CXX_LANGUAGE_STANDARD = "gnu++0x";
				CLANG_CXX_LIBRARY = "libc++";
				CLANG_ENABLE_MODULES = YES;
				CLANG_ENABLE_OBJC_ARC = YES;
				CLANG_WARN_BOOL_CONVERSION = YES;
				CLANG_WARN_CONSTANT_CONVERSION = YES;
				CLANG_WARN_DIRECT_OBJC_ISA_USAGE = YES_ERROR;
				CLANG_WARN_EMPTY_BODY = YES;
				CLANG_WARN_ENUM_CONVERSION = YES;
				CLANG_WARN_INT_CONVERSION = YES;
				CLANG_WARN_OBJC_ROOT_CLASS = YES_ERROR;
				CLANG_WARN_UNREACHABLE_CODE = YES;
				CLANG_WARN__DUPLICATE_METHOD_MATCH = YES;
				"CODE_SIGN_IDENTITY[sdk=iphoneos*]" = "iPhone Developer";
				COPY_PHASE_STRIP = NO;
				ENABLE_STRICT_OBJC_MSGSEND = YES;
				GCC_C_LANGUAGE_STANDARD = gnu99;
				GCC_DYNAMIC_NO_PIC = NO;
				GCC_OPTIMIZATION_LEVEL = 0;
				GCC_PREPROCESSOR_DEFINITIONS = (
					"DEBUG=1",
					"$(inherited)",
				);
				GCC_SYMBOLS_PRIVATE_EXTERN = NO;
				GCC_WARN_64_TO_32_BIT_CONVERSION = YES;
				GCC_WARN_ABOUT_RETURN_TYPE = YES_ERROR;
				GCC_WARN_UNDECLARED_SELECTOR = YES;
				GCC_WARN_UNINITIALIZED_AUTOS = YES_AGGRESSIVE;
				GCC_WARN_UNUSED_FUNCTION = YES;
				GCC_WARN_UNUSED_VARIABLE = YES;
				IPHONEOS_DEPLOYMENT_TARGET = 8.1;
				MTL_ENABLE_DEBUG_INFO = YES;
				ONLY_ACTIVE_ARCH = YES;
				SDKROOT = iphoneos;
				SWIFT_OPTIMIZATION_LEVEL = "-Onone";
			};
			name = Debug;
		};
		A01EDA8D1A18054600F152CE /* Release */ = {
			isa = XCBuildConfiguration;
			buildSettings = {
				ALWAYS_SEARCH_USER_PATHS = NO;
				CLANG_CXX_LANGUAGE_STANDARD = "gnu++0x";
				CLANG_CXX_LIBRARY = "libc++";
				CLANG_ENABLE_MODULES = YES;
				CLANG_ENABLE_OBJC_ARC = YES;
				CLANG_WARN_BOOL_CONVERSION = YES;
				CLANG_WARN_CONSTANT_CONVERSION = YES;
				CLANG_WARN_DIRECT_OBJC_ISA_USAGE = YES_ERROR;
				CLANG_WARN_EMPTY_BODY = YES;
				CLANG_WARN_ENUM_CONVERSION = YES;
				CLANG_WARN_INT_CONVERSION = YES;
				CLANG_WARN_OBJC_ROOT_CLASS = YES_ERROR;
				CLANG_WARN_UNREACHABLE_CODE = YES;
				CLANG_WARN__DUPLICATE_METHOD_MATCH = YES;
				"CODE_SIGN_IDENTITY[sdk=iphoneos*]" = "iPhone Developer";
				COPY_PHASE_STRIP = YES;
				ENABLE_NS_ASSERTIONS = NO;
				ENABLE_STRICT_OBJC_MSGSEND = YES;
				GCC_C_LANGUAGE_STANDARD = gnu99;
				GCC_WARN_64_TO_32_BIT_CONVERSION = YES;
				GCC_WARN_ABOUT_RETURN_TYPE = YES_ERROR;
				GCC_WARN_UNDECLARED_SELECTOR = YES;
				GCC_WARN_UNINITIALIZED_AUTOS = YES_AGGRESSIVE;
				GCC_WARN_UNUSED_FUNCTION = YES;
				GCC_WARN_UNUSED_VARIABLE = YES;
				IPHONEOS_DEPLOYMENT_TARGET = 8.1;
				MTL_ENABLE_DEBUG_INFO = NO;
				SDKROOT = iphoneos;
				VALIDATE_PRODUCT = YES;
			};
			name = Release;
		};
		A01EDA8F1A18054600F152CE /* Debug */ = {
			isa = XCBuildConfiguration;
			buildSettings = {
				ASSETCATALOG_COMPILER_APPICON_NAME = AppIcon;
				INFOPLIST_FILE = PebbleAuthenticator/Info.plist;
				LD_RUNPATH_SEARCH_PATHS = "$(inherited) @executable_path/Frameworks";
				PRODUCT_NAME = "$(TARGET_NAME)";
			};
			name = Debug;
		};
		A01EDA901A18054600F152CE /* Release */ = {
			isa = XCBuildConfiguration;
			buildSettings = {
				ASSETCATALOG_COMPILER_APPICON_NAME = AppIcon;
				INFOPLIST_FILE = PebbleAuthenticator/Info.plist;
				LD_RUNPATH_SEARCH_PATHS = "$(inherited) @executable_path/Frameworks";
				PRODUCT_NAME = "$(TARGET_NAME)";
			};
			name = Release;
		};
		A01EDA921A18054600F152CE /* Debug */ = {
			isa = XCBuildConfiguration;
			buildSettings = {
				BUNDLE_LOADER = "$(TEST_HOST)";
				FRAMEWORK_SEARCH_PATHS = (
					"$(SDKROOT)/Developer/Library/Frameworks",
					"$(inherited)",
				);
				GCC_PREPROCESSOR_DEFINITIONS = (
					"DEBUG=1",
					"$(inherited)",
				);
				INFOPLIST_FILE = PebbleAuthenticatorTests/Info.plist;
				LD_RUNPATH_SEARCH_PATHS = "$(inherited) @executable_path/Frameworks @loader_path/Frameworks";
				PRODUCT_NAME = "$(TARGET_NAME)";
				TEST_HOST = "$(BUILT_PRODUCTS_DIR)/PebbleAuthenticator.app/PebbleAuthenticator";
			};
			name = Debug;
		};
		A01EDA931A18054600F152CE /* Release */ = {
			isa = XCBuildConfiguration;
			buildSettings = {
				BUNDLE_LOADER = "$(TEST_HOST)";
				FRAMEWORK_SEARCH_PATHS = (
					"$(SDKROOT)/Developer/Library/Frameworks",
					"$(inherited)",
				);
				INFOPLIST_FILE = PebbleAuthenticatorTests/Info.plist;
				LD_RUNPATH_SEARCH_PATHS = "$(inherited) @executable_path/Frameworks @loader_path/Frameworks";
				PRODUCT_NAME = "$(TARGET_NAME)";
				TEST_HOST = "$(BUILT_PRODUCTS_DIR)/PebbleAuthenticator.app/PebbleAuthenticator";
			};
			name = Release;
		};
/* End XCBuildConfiguration section */

/* Begin XCConfigurationList section */
		A01EDA671A18054500F152CE /* Build configuration list for PBXProject "PebbleAuthenticator" */ = {
			isa = XCConfigurationList;
			buildConfigurations = (
				A01EDA8C1A18054600F152CE /* Debug */,
				A01EDA8D1A18054600F152CE /* Release */,
			);
			defaultConfigurationIsVisible = 0;
			defaultConfigurationName = Release;
		};
		A01EDA8E1A18054600F152CE /* Build configuration list for PBXNativeTarget "PebbleAuthenticator" */ = {
			isa = XCConfigurationList;
			buildConfigurations = (
				A01EDA8F1A18054600F152CE /* Debug */,
				A01EDA901A18054600F152CE /* Release */,
			);
			defaultConfigurationIsVisible = 0;
		};
		A01EDA911A18054600F152CE /* Build configuration list for PBXNativeTarget "PebbleAuthenticatorTests" */ = {
			isa = XCConfigurationList;
			buildConfigurations = (
				A01EDA921A18054600F152CE /* Debug */,
				A01EDA931A18054600F152CE /* Release */,
			);
			defaultConfigurationIsVisible = 0;
		};
/* End XCConfigurationList section */

/* Begin XCVersionGroup section */
		A01EDA731A18054600F152CE /* PebbleAuthenticator.xcdatamodeld */ = {
			isa = XCVersionGroup;
			children = (
				A01EDA741A18054600F152CE /* PebbleAuthenticator.xcdatamodel */,
			);
			currentVersion = A01EDA741A18054600F152CE /* PebbleAuthenticator.xcdatamodel */;
			path = PebbleAuthenticator.xcdatamodeld;
			sourceTree = "<group>";
			versionGroupType = wrapper.xcdatamodel;
		};
/* End XCVersionGroup section */
	};
	rootObject = A01EDA641A18054500F152CE /* Project object */;
}
